
Microsoft Visual Studio Solution File, Format Version 12.00
# Visual Studio Version 17
VisualStudioVersion = 17.1.32013.371
MinimumVisualStudioVersion = 10.0.40219.1
Project("{FAE04EC0-301F-11D3-BF4B-00C04F79EFBC}") = "ConsoleApp tracy", "ConsoleApp tracy\ConsoleApp tracy.csproj", "{4ED97C0C-AB16-484C-863F-269B0A18E954}"
EndProject
Global
	GlobalSection(SolutionConfigurationPlatforms) = preSolution
		Debug|Any CPU = Debug|Any CPU
		Release|Any CPU = Release|Any CPU
	EndGlobalSection
	GlobalSection(ProjectConfigurationPlatforms) = postSolution
		{4ED97C0C-AB16-484C-863F-269B0A18E954}.Debug|Any CPU.ActiveCfg = Debug|Any CPU
		{4ED97C0C-AB16-484C-863F-269B0A18E954}.Debug|Any CPU.Build.0 = Debug|Any CPU
		{4ED97C0C-AB16-484C-863F-269B0A18E954}.Release|Any CPU.ActiveCfg = Release|Any CPU
		{4ED97C0C-AB16-484C-863F-269B0A18E954}.Release|Any CPU.Build.0 = Release|Any CPU
	EndGlobalSection
	GlobalSection(SolutionProperties) = preSolution
		HideSolutionNode = FALSE
	EndGlobalSection
	GlobalSection(ExtensibilityGlobals) = postSolution
		SolutionGuid = {9779BDC9-159E-4883-B68A-A75D7EEA90E6}
	EndGlobalSection
EndGlobal
